
Microsoft Visual Studio Solution File, Format Version 12.00
Project("{FAE04EC0-301F-11D3-BF4B-00C04F79EFBC}") = "IIAuctionHouse.WebApi", "IIAuctionHouse.WebApi\IIAuctionHouse.WebApi.csproj", "{A89F7253-46D0-4CBA-9CE5-416D42565F2E}"
EndProject
Project("{2150E333-8FDC-42A3-9474-1A3956D46DE8}") = "Infrastructure", "Infrastructure", "{8274EEAD-272C-4CFA-BCDD-6846336A7B51}"
EndProject
Project("{FAE04EC0-301F-11D3-BF4B-00C04F79EFBC}") = "IIAuctionHouse.DataAccess", "IIAuctionHouse.DataAccess\IIAuctionHouse.DataAccess.csproj", "{63690A82-87FC-4143-8974-6947A738EAC9}"
EndProject
Project("{2150E333-8FDC-42A3-9474-1A3956D46DE8}") = "UI", "UI", "{4DA21D78-F8CA-4E99-B826-0CB9620D2414}"
EndProject
Project("{2150E333-8FDC-42A3-9474-1A3956D46DE8}") = "Core", "Core", "{51B63111-BA77-4C12-BAF8-C5E0C686764F}"
EndProject
Project("{FAE04EC0-301F-11D3-BF4B-00C04F79EFBC}") = "IIAuctionHouse.Core", "IIAuctionHouse.Core\IIAuctionHouse.Core.csproj", "{0ED19ABC-3966-46EA-B3C9-EA377B9C2CF4}"
EndProject
Project("{FAE04EC0-301F-11D3-BF4B-00C04F79EFBC}") = "IIAuctionHouse.Domain", "IIAuctionHouse.Domain\IIAuctionHouse.Domain.csproj", "{9F30E9D1-3AAB-4FB6-B82D-71380D337EB5}"
EndProject
Project("{2150E333-8FDC-42A3-9474-1A3956D46DE8}") = "Core-Test", "Core-Test", "{924A4940-FCC5-420F-AB4F-6DE51DBE780B}"
EndProject
Project("{FAE04EC0-301F-11D3-BF4B-00C04F79EFBC}") = "IIAuctionHouse.Core.Test", "IIAuctionHouse.Core.Test\IIAuctionHouse.Core.Test.csproj", "{275D3B56-ECA7-4760-8D35-9238FF9ED67E}"
EndProject
Project("{FAE04EC0-301F-11D3-BF4B-00C04F79EFBC}") = "IIAuctionHouse.Domain.Test", "IIAuctionHouse.Domain.Test\IIAuctionHouse.Domain.Test.csproj", "{1D1AFA67-9F5C-49F2-905C-51F8435DD85B}"
EndProject
Project("{2150E333-8FDC-42A3-9474-1A3956D46DE8}") = "Infrastructure-Test", "Infrastructure-Test", "{B29A35D8-E1FA-43AA-85E1-E17B0DFECB4A}"
EndProject
Project("{FAE04EC0-301F-11D3-BF4B-00C04F79EFBC}") = "IIAuctionHouse.DataAccess.Test", "IIAuctionHouse.DataAccess.Test\IIAuctionHouse.DataAccess.Test.csproj", "{0FCA0B87-439B-4E6D-A1CF-1C085A669EE9}"
EndProject
Project("{2150E333-8FDC-42A3-9474-1A3956D46DE8}") = "UI-Test", "UI-Test", "{E5BD409F-86C9-42E7-9372-93B2D19DFFD6}"
EndProject
Project("{FAE04EC0-301F-11D3-BF4B-00C04F79EFBC}") = "IIAuctionHouse.WebApi.Test", "IIAuctionHouse.WebApi.Test\IIAuctionHouse.WebApi.Test.csproj", "{BF98C035-3645-448F-AAA7-5CE51B4375FB}"
EndProject
Global
	GlobalSection(SolutionConfigurationPlatforms) = preSolution
		Debug|Any CPU = Debug|Any CPU
		Release|Any CPU = Release|Any CPU
	EndGlobalSection
	GlobalSection(ProjectConfigurationPlatforms) = postSolution
		{A89F7253-46D0-4CBA-9CE5-416D42565F2E}.Debug|Any CPU.ActiveCfg = Debug|Any CPU
		{A89F7253-46D0-4CBA-9CE5-416D42565F2E}.Debug|Any CPU.Build.0 = Debug|Any CPU
		{A89F7253-46D0-4CBA-9CE5-416D42565F2E}.Release|Any CPU.ActiveCfg = Release|Any CPU
		{A89F7253-46D0-4CBA-9CE5-416D42565F2E}.Release|Any CPU.Build.0 = Release|Any CPU
		{63690A82-87FC-4143-8974-6947A738EAC9}.Debug|Any CPU.ActiveCfg = Debug|Any CPU
		{63690A82-87FC-4143-8974-6947A738EAC9}.Debug|Any CPU.Build.0 = Debug|Any CPU
		{63690A82-87FC-4143-8974-6947A738EAC9}.Release|Any CPU.ActiveCfg = Release|Any CPU
		{63690A82-87FC-4143-8974-6947A738EAC9}.Release|Any CPU.Build.0 = Release|Any CPU
		{0ED19ABC-3966-46EA-B3C9-EA377B9C2CF4}.Debug|Any CPU.ActiveCfg = Debug|Any CPU
		{0ED19ABC-3966-46EA-B3C9-EA377B9C2CF4}.Debug|Any CPU.Build.0 = Debug|Any CPU
		{0ED19ABC-3966-46EA-B3C9-EA377B9C2CF4}.Release|Any CPU.ActiveCfg = Release|Any CPU
		{0ED19ABC-3966-46EA-B3C9-EA377B9C2CF4}.Release|Any CPU.Build.0 = Release|Any CPU
		{9F30E9D1-3AAB-4FB6-B82D-71380D337EB5}.Debug|Any CPU.ActiveCfg = Debug|Any CPU
		{9F30E9D1-3AAB-4FB6-B82D-71380D337EB5}.Debug|Any CPU.Build.0 = Debug|Any CPU
		{9F30E9D1-3AAB-4FB6-B82D-71380D337EB5}.Release|Any CPU.ActiveCfg = Release|Any CPU
		{9F30E9D1-3AAB-4FB6-B82D-71380D337EB5}.Release|Any CPU.Build.0 = Release|Any CPU
		{275D3B56-ECA7-4760-8D35-9238FF9ED67E}.Debug|Any CPU.ActiveCfg = Debug|Any CPU
		{275D3B56-ECA7-4760-8D35-9238FF9ED67E}.Debug|Any CPU.Build.0 = Debug|Any CPU
		{275D3B56-ECA7-4760-8D35-9238FF9ED67E}.Release|Any CPU.ActiveCfg = Release|Any CPU
		{275D3B56-ECA7-4760-8D35-9238FF9ED67E}.Release|Any CPU.Build.0 = Release|Any CPU
		{1D1AFA67-9F5C-49F2-905C-51F8435DD85B}.Debug|Any CPU.ActiveCfg = Debug|Any CPU
		{1D1AFA67-9F5C-49F2-905C-51F8435DD85B}.Debug|Any CPU.Build.0 = Debug|Any CPU
		{1D1AFA67-9F5C-49F2-905C-51F8435DD85B}.Release|Any CPU.ActiveCfg = Release|Any CPU
		{1D1AFA67-9F5C-49F2-905C-51F8435DD85B}.Release|Any CPU.Build.0 = Release|Any CPU
		{0FCA0B87-439B-4E6D-A1CF-1C085A669EE9}.Debug|Any CPU.ActiveCfg = Debug|Any CPU
		{0FCA0B87-439B-4E6D-A1CF-1C085A669EE9}.Debug|Any CPU.Build.0 = Debug|Any CPU
		{0FCA0B87-439B-4E6D-A1CF-1C085A669EE9}.Release|Any CPU.ActiveCfg = Release|Any CPU
		{0FCA0B87-439B-4E6D-A1CF-1C085A669EE9}.Release|Any CPU.Build.0 = Release|Any CPU
		{BF98C035-3645-448F-AAA7-5CE51B4375FB}.Debug|Any CPU.ActiveCfg = Debug|Any CPU
		{BF98C035-3645-448F-AAA7-5CE51B4375FB}.Debug|Any CPU.Build.0 = Debug|Any CPU
		{BF98C035-3645-448F-AAA7-5CE51B4375FB}.Release|Any CPU.ActiveCfg = Release|Any CPU
		{BF98C035-3645-448F-AAA7-5CE51B4375FB}.Release|Any CPU.Build.0 = Release|Any CPU
	EndGlobalSection
	GlobalSection(NestedProjects) = preSolution
		{63690A82-87FC-4143-8974-6947A738EAC9} = {8274EEAD-272C-4CFA-BCDD-6846336A7B51}
		{A89F7253-46D0-4CBA-9CE5-416D42565F2E} = {4DA21D78-F8CA-4E99-B826-0CB9620D2414}
		{0ED19ABC-3966-46EA-B3C9-EA377B9C2CF4} = {51B63111-BA77-4C12-BAF8-C5E0C686764F}
		{9F30E9D1-3AAB-4FB6-B82D-71380D337EB5} = {51B63111-BA77-4C12-BAF8-C5E0C686764F}
		{275D3B56-ECA7-4760-8D35-9238FF9ED67E} = {924A4940-FCC5-420F-AB4F-6DE51DBE780B}
		{1D1AFA67-9F5C-49F2-905C-51F8435DD85B} = {924A4940-FCC5-420F-AB4F-6DE51DBE780B}
		{0FCA0B87-439B-4E6D-A1CF-1C085A669EE9} = {B29A35D8-E1FA-43AA-85E1-E17B0DFECB4A}
		{BF98C035-3645-448F-AAA7-5CE51B4375FB} = {E5BD409F-86C9-42E7-9372-93B2D19DFFD6}
	EndGlobalSection
EndGlobal
